// !$*UTF8*$!
{
	archiveVersion = 1;
	classes = {
	};
	objectVersion = 50;
	objects = {

/* Begin PBXBuildFile section */
		38F5E0F627CE70DB002DC6EB /* IMC.swift in Sources */ = {isa = PBXBuildFile; fileRef = 38F5E0F527CE70DB002DC6EB /* IMC.swift */; };
		38F5E0F927CE718C002DC6EB /* CerebroCalculadora.swift in Sources */ = {isa = PBXBuildFile; fileRef = 38F5E0F827CE718C002DC6EB /* CerebroCalculadora.swift */; };
		38FD457427C9286D003DFCCD /* AppDelegate.swift in Sources */ = {isa = PBXBuildFile; fileRef = 38FD457327C9286D003DFCCD /* AppDelegate.swift */; };
		38FD457627C9286D003DFCCD /* SceneDelegate.swift in Sources */ = {isa = PBXBuildFile; fileRef = 38FD457527C9286D003DFCCD /* SceneDelegate.swift */; };
		38FD457827C9286D003DFCCD /* ViewController.swift in Sources */ = {isa = PBXBuildFile; fileRef = 38FD457727C9286D003DFCCD /* ViewController.swift */; };
		38FD457B27C9286E003DFCCD /* Main.storyboard in Resources */ = {isa = PBXBuildFile; fileRef = 38FD457927C9286E003DFCCD /* Main.storyboard */; };
		38FD457D27C9286F003DFCCD /* Assets.xcassets in Resources */ = {isa = PBXBuildFile; fileRef = 38FD457C27C9286F003DFCCD /* Assets.xcassets */; };
		38FD458027C9286F003DFCCD /* LaunchScreen.storyboard in Resources */ = {isa = PBXBuildFile; fileRef = 38FD457E27C9286F003DFCCD /* LaunchScreen.storyboard */; };
		38FD458927C9298D003DFCCD /* SegundoViewController.swift in Sources */ = {isa = PBXBuildFile; fileRef = 38FD458827C9298D003DFCCD /* SegundoViewController.swift */; };
/* End PBXBuildFile section */

/* Begin PBXFileReference section */
		38F5E0F527CE70DB002DC6EB /* IMC.swift */ = {isa = PBXFileReference; lastKnownFileType = sourcecode.swift; path = IMC.swift; sourceTree = "<group>"; };
		38F5E0F827CE718C002DC6EB /* CerebroCalculadora.swift */ = {isa = PBXFileReference; lastKnownFileType = sourcecode.swift; path = CerebroCalculadora.swift; sourceTree = "<group>"; };
		38FD457027C9286D003DFCCD /* CalculadoraIMC.app */ = {isa = PBXFileReference; explicitFileType = wrapper.application; includeInIndex = 0; path = CalculadoraIMC.app; sourceTree = BUILT_PRODUCTS_DIR; };
		38FD457327C9286D003DFCCD /* AppDelegate.swift */ = {isa = PBXFileReference; lastKnownFileType = sourcecode.swift; path = AppDelegate.swift; sourceTree = "<group>"; };
		38FD457527C9286D003DFCCD /* SceneDelegate.swift */ = {isa = PBXFileReference; lastKnownFileType = sourcecode.swift; path = SceneDelegate.swift; sourceTree = "<group>"; };
		38FD457727C9286D003DFCCD /* ViewController.swift */ = {isa = PBXFileReference; lastKnownFileType = sourcecode.swift; path = ViewController.swift; sourceTree = "<group>"; };
		38FD457A27C9286E003DFCCD /* Base */ = {isa = PBXFileReference; lastKnownFileType = file.storyboard; name = Base; path = Base.lproj/Main.storyboard; sourceTree = "<group>"; };
		38FD457C27C9286F003DFCCD /* Assets.xcassets */ = {isa = PBXFileReference; lastKnownFileType = folder.assetcatalog; path = Assets.xcassets; sourceTree = "<group>"; };
		38FD457F27C9286F003DFCCD /* Base */ = {isa = PBXFileReference; lastKnownFileType = file.storyboard; name = Base; path = Base.lproj/LaunchScreen.storyboard; sourceTree = "<group>"; };
		38FD458127C9286F003DFCCD /* Info.plist */ = {isa = PBXFileReference; lastKnownFileType = text.plist.xml; path = Info.plist; sourceTree = "<group>"; };
		38FD458827C9298D003DFCCD /* SegundoViewController.swift */ = {isa = PBXFileReference; lastKnownFileType = sourcecode.swift; path = SegundoViewController.swift; sourceTree = "<group>"; };
/* End PBXFileReference section */

/* Begin PBXFrameworksBuildPhase section */
		38FD456D27C9286D003DFCCD /* Frameworks */ = {
			isa = PBXFrameworksBuildPhase;
			buildActionMask = 2147483647;
			files = (
			);
			runOnlyForDeploymentPostprocessing = 0;
		};
/* End PBXFrameworksBuildPhase section */

/* Begin PBXGroup section */
		38FD456727C9286D003DFCCD = {
			isa = PBXGroup;
			children = (
				38FD457227C9286D003DFCCD /* CalculadoraIMC */,
				38FD457127C9286D003DFCCD /* Products */,
			);
			sourceTree = "<group>";
		};
		38FD457127C9286D003DFCCD /* Products */ = {
			isa = PBXGroup;
			children = (
				38FD457027C9286D003DFCCD /* CalculadoraIMC.app */,
			);
			name = Products;
			sourceTree = "<group>";
		};
		38FD457227C9286D003DFCCD /* CalculadoraIMC */ = {
			isa = PBXGroup;
			children = (
				38FD457327C9286D003DFCCD /* AppDelegate.swift */,
				38FD457527C9286D003DFCCD /* SceneDelegate.swift */,
				38FD457727C9286D003DFCCD /* ViewController.swift */,
				38FD457927C9286E003DFCCD /* Main.storyboard */,
				38FD457C27C9286F003DFCCD /* Assets.xcassets */,
				38FD457E27C9286F003DFCCD /* LaunchScreen.storyboard */,
				38FD458127C9286F003DFCCD /* Info.plist */,
				38FD458827C9298D003DFCCD /* SegundoViewController.swift */,
				38F5E0F527CE70DB002DC6EB /* IMC.swift */,
				38F5E0F827CE718C002DC6EB /* CerebroCalculadora.swift */,
			);
			path = CalculadoraIMC;
			sourceTree = "<group>";
		};
/* End PBXGroup section */

/* Begin PBXNativeTarget section */
		38FD456F27C9286D003DFCCD /* CalculadoraIMC */ = {
			isa = PBXNativeTarget;
			buildConfigurationList = 38FD458427C9286F003DFCCD /* Build configuration list for PBXNativeTarget "CalculadoraIMC" */;
			buildPhases = (
				38FD456C27C9286D003DFCCD /* Sources */,
				38FD456D27C9286D003DFCCD /* Frameworks */,
				38FD456E27C9286D003DFCCD /* Resources */,
			);
			buildRules = (
			);
			dependencies = (
			);
			name = CalculadoraIMC;
			productName = CalculadoraIMC;
			productReference = 38FD457027C9286D003DFCCD /* CalculadoraIMC.app */;
			productType = "com.apple.product-type.application";
		};
/* End PBXNativeTarget section */

/* Begin PBXProject section */
		38FD456827C9286D003DFCCD /* Project object */ = {
			isa = PBXProject;
			attributes = {
				LastSwiftUpdateCheck = 1210;
				LastUpgradeCheck = 1210;
				TargetAttributes = {
					38FD456F27C9286D003DFCCD = {
						CreatedOnToolsVersion = 12.1;
					};
				};
			};
			buildConfigurationList = 38FD456B27C9286D003DFCCD /* Build configuration list for PBXProject "CalculadoraIMC" */;
			compatibilityVersion = "Xcode 9.3";
			developmentRegion = en;
			hasScannedForEncodings = 0;
			knownRegions = (
				en,
				Base,
			);
			mainGroup = 38FD456727C9286D003DFCCD;
			productRefGroup = 38FD457127C9286D003DFCCD /* Products */;
			projectDirPath = "";
			projectRoot = "";
			targets = (
				38FD456F27C9286D003DFCCD /* CalculadoraIMC */,
			);
		};
/* End PBXProject section */

/* Begin PBXResourcesBuildPhase section */
		38FD456E27C9286D003DFCCD /* Resources */ = {
			isa = PBXResourcesBuildPhase;
			buildActionMask = 2147483647;
			files = (
				38FD458027C9286F003DFCCD /* LaunchScreen.storyboard in Resources */,
				38FD457D27C9286F003DFCCD /* Assets.xcassets in Resources */,
				38FD457B27C9286E003DFCCD /* Main.storyboard in Resources */,
			);
			runOnlyForDeploymentPostprocessing = 0;
		};
/* End PBXResourcesBuildPhase section */

/* Begin PBXSourcesBuildPhase section */
		38FD456C27C9286D003DFCCD /* Sources */ = {
			isa = PBXSourcesBuildPhase;
			buildActionMask = 2147483647;
			files = (
				38F5E0F927CE718C002DC6EB /* CerebroCalculadora.swift in Sources */,
				38FD457827C9286D003DFCCD /* ViewController.swift in Sources */,
				38FD457427C9286D003DFCCD /* AppDelegate.swift in Sources */,
				38FD458927C9298D003DFCCD /* SegundoViewController.swift in Sources */,
				38F5E0F627CE70DB002DC6EB /* IMC.swift in Sources */,
				38FD457627C9286D003DFCCD /* SceneDelegate.swift in Sources */,
			);
			runOnlyForDeploymentPostprocessing = 0;
		};
/* End PBXSourcesBuildPhase section */

/* Begin PBXVariantGroup section */
		38FD457927C9286E003DFCCD /* Main.storyboard */ = {
			isa = PBXVariantGroup;
			children = (
				38FD457A27C9286E003DFCCD /* Base */,
			);
			name = Main.storyboard;
			sourceTree = "<group>";
		};
		38FD457E27C9286F003DFCCD /* LaunchScreen.storyboard */ = {
			isa = PBXVariantGroup;
			children = (
				38FD457F27C9286F003DFCCD /* Base */,
			);
			name = LaunchScreen.storyboard;
			sourceTree = "<group>";
		};
/* End PBXVariantGroup section */

/* Begin XCBuildConfiguration section */
		38FD458227C9286F003DFCCD /* Debug */ = {
			isa = XCBuildConfiguration;
			buildSettings = {
				ALWAYS_SEARCH_USER_PATHS = NO;
				CLANG_ANALYZER_NONNULL = YES;
				CLANG_ANALYZER_NUMBER_OBJECT_CONVERSION = YES_AGGRESSIVE;
				CLANG_CXX_LANGUAGE_STANDARD = "gnu++14";
				CLANG_CXX_LIBRARY = "libc++";
				CLANG_ENABLE_MODULES = YES;
				CLANG_ENABLE_OBJC_ARC = YES;
				CLANG_ENABLE_OBJC_WEAK = YES;
				CLANG_WARN_BLOCK_CAPTURE_AUTORELEASING = YES;
				CLANG_WARN_BOOL_CONVERSION = YES;
				CLANG_WARN_COMMA = YES;
				CLANG_WARN_CONSTANT_CONVERSION = YES;
				CLANG_WARN_DEPRECATED_OBJC_IMPLEMENTATIONS = YES;
				CLANG_WARN_DIRECT_OBJC_ISA_USAGE = YES_ERROR;
				CLANG_WARN_DOCUMENTATION_COMMENTS = YES;
				CLANG_WARN_EMPTY_BODY = YES;
				CLANG_WARN_ENUM_CONVERSION = YES;
				CLANG_WARN_INFINITE_RECURSION = YES;
				CLANG_WARN_INT_CONVERSION = YES;
				CLANG_WARN_NON_LITERAL_NULL_CONVERSION = YES;
				CLANG_WARN_OBJC_IMPLICIT_RETAIN_SELF = YES;
				CLANG_WARN_OBJC_LITERAL_CONVERSION = YES;
				CLANG_WARN_OBJC_ROOT_CLASS = YES_ERROR;
				CLANG_WARN_QUOTED_INCLUDE_IN_FRAMEWORK_HEADER = YES;
				CLANG_WARN_RANGE_LOOP_ANALYSIS = YES;
				CLANG_WARN_STRICT_PROTOTYPES = YES;
				CLANG_WARN_SUSPICIOUS_MOVE = YES;
				CLANG_WARN_UNGUARDED_AVAILABILITY = YES_AGGRESSIVE;
				CLANG_WARN_UNREACHABLE_CODE = YES;
				CLANG_WARN__DUPLICATE_METHOD_MATCH = YES;
				COPY_PHASE_STRIP = NO;
				DEBUG_INFORMATION_FORMAT = dwarf;
				ENABLE_STRICT_OBJC_MSGSEND = YES;
				ENABLE_TESTABILITY = YES;
				GCC_C_LANGUAGE_STANDARD = gnu11;
				GCC_DYNAMIC_NO_PIC = NO;
				GCC_NO_COMMON_BLOCKS = YES;
				GCC_OPTIMIZATION_LEVEL = 0;
				GCC_PREPROCESSOR_DEFINITIONS = (
					"DEBUG=1",
					"$(inherited)",
				);
				GCC_WARN_64_TO_32_BIT_CONVERSION = YES;
				GCC_WARN_ABOUT_RETURN_TYPE = YES_ERROR;
				GCC_WARN_UNDECLARED_SELECTOR = YES;
				GCC_WARN_UNINITIALIZED_AUTOS = YES_AGGRESSIVE;
				GCC_WARN_UNUSED_FUNCTION = YES;
				GCC_WARN_UNUSED_VARIABLE = YES;
				IPHONEOS_DEPLOYMENT_TARGET = 14.1;
				MTL_ENABLE_DEBUG_INFO = INCLUDE_SOURCE;
				MTL_FAST_MATH = YES;
				ONLY_ACTIVE_ARCH = YES;
				SDKROOT = iphoneos;
				SWIFT_ACTIVE_COMPILATION_CONDITIONS = DEBUG;
				SWIFT_OPTIMIZATION_LEVEL = "-Onone";
			};
			name = Debug;
		};
		38FD458327C9286F003DFCCD /* Release */ = {
			isa = XCBuildConfiguration;
			buildSettings = {
				ALWAYS_SEARCH_USER_PATHS = NO;
				CLANG_ANALYZER_NONNULL = YES;
				CLANG_ANALYZER_NUMBER_OBJECT_CONVERSION = YES_AGGRESSIVE;
				CLANG_CXX_LANGUAGE_STANDARD = "gnu++14";
				CLANG_CXX_LIBRARY = "libc++";
				CLANG_ENABLE_MODULES = YES;
				CLANG_ENABLE_OBJC_ARC = YES;
				CLANG_ENABLE_OBJC_WEAK = YES;
				CLANG_WARN_BLOCK_CAPTURE_AUTORELEASING = YES;
				CLANG_WARN_BOOL_CONVERSION = YES;
				CLANG_WARN_COMMA = YES;
				CLANG_WARN_CONSTANT_CONVERSION = YES;
				CLANG_WARN_DEPRECATED_OBJC_IMPLEMENTATIONS = YES;
				CLANG_WARN_DIRECT_OBJC_ISA_USAGE = YES_ERROR;
				CLANG_WARN_DOCUMENTATION_COMMENTS = YES;
				CLANG_WARN_EMPTY_BODY = YES;
				CLANG_WARN_ENUM_CONVERSION = YES;
				CLANG_WARN_INFINITE_RECURSION = YES;
				CLANG_WARN_INT_CONVERSION = YES;
				CLANG_WARN_NON_LITERAL_NULL_CONVERSION = YES;
				CLANG_WARN_OBJC_IMPLICIT_RETAIN_SELF = YES;
				CLANG_WARN_OBJC_LITERAL_CONVERSION = YES;
				CLANG_WARN_OBJC_ROOT_CLASS = YES_ERROR;
				CLANG_WARN_QUOTED_INCLUDE_IN_FRAMEWORK_HEADER = YES;
				CLANG_WARN_RANGE_LOOP_ANALYSIS = YES;
				CLANG_WARN_STRICT_PROTOTYPES = YES;
				CLANG_WARN_SUSPICIOUS_MOVE = YES;
				CLANG_WARN_UNGUARDED_AVAILABILITY = YES_AGGRESSIVE;
				CLANG_WARN_UNREACHABLE_CODE = YES;
				CLANG_WARN__DUPLICATE_METHOD_MATCH = YES;
				COPY_PHASE_STRIP = NO;
				DEBUG_INFORMATION_FORMAT = "dwarf-with-dsym";
				ENABLE_NS_ASSERTIONS = NO;
				ENABLE_STRICT_OBJC_MSGSEND = YES;
				GCC_C_LANGUAGE_STANDARD = gnu11;
				GCC_NO_COMMON_BLOCKS = YES;
				GCC_WARN_64_TO_32_BIT_CONVERSION = YES;
				GCC_WARN_ABOUT_RETURN_TYPE = YES_ERROR;
				GCC_WARN_UNDECLARED_SELECTOR = YES;
				GCC_WARN_UNINITIALIZED_AUTOS = YES_AGGRESSIVE;
				GCC_WARN_UNUSED_FUNCTION = YES;
				GCC_WARN_UNUSED_VARIABLE = YES;
				IPHONEOS_DEPLOYMENT_TARGET = 14.1;
				MTL_ENABLE_DEBUG_INFO = NO;
				MTL_FAST_MATH = YES;
				SDKROOT = iphoneos;
				SWIFT_COMPILATION_MODE = wholemodule;
				SWIFT_OPTIMIZATION_LEVEL = "-O";
				VALIDATE_PRODUCT = YES;
			};
			name = Release;
		};
		38FD458527C9286F003DFCCD /* Debug */ = {
			isa = XCBuildConfiguration;
			buildSettings = {
				ASSETCATALOG_COMPILER_APPICON_NAME = AppIcon;
				ASSETCATALOG_COMPILER_GLOBAL_ACCENT_COLOR_NAME = AccentColor;
				CODE_SIGN_STYLE = Automatic;
				INFOPLIST_FILE = CalculadoraIMC/Info.plist;
				LD_RUNPATH_SEARCH_PATHS = (
					"$(inherited)",
					"@executable_path/Frameworks",
				);
				PRODUCT_BUNDLE_IDENTIFIER = com.itmorelia.calculadoraIMC.CalculadoraIMC;
				PRODUCT_NAME = "$(TARGET_NAME)";
				SWIFT_VERSION = 5.0;
				TARGETED_DEVICE_FAMILY = "1,2";
			};
			name = Debug;
		};
		38FD458627C9286F003DFCCD /* Release */ = {
			isa = XCBuildConfiguration;
			buildSettings = {
				ASSETCATALOG_COMPILER_APPICON_NAME = AppIcon;
				ASSETCATALOG_COMPILER_GLOBAL_ACCENT_COLOR_NAME = AccentColor;
				CODE_SIGN_STYLE = Automatic;
				INFOPLIST_FILE = CalculadoraIMC/Info.plist;
				LD_RUNPATH_SEARCH_PATHS = (
					"$(inherited)",
					"@executable_path/Frameworks",
				);
				PRODUCT_BUNDLE_IDENTIFIER = com.itmorelia.calculadoraIMC.CalculadoraIMC;
				PRODUCT_NAME = "$(TARGET_NAME)";
				SWIFT_VERSION = 5.0;
				TARGETED_DEVICE_FAMILY = "1,2";
			};
			name = Release;
		};
/* End XCBuildConfiguration section */

/* Begin XCConfigurationList section */
		38FD456B27C9286D003DFCCD /* Build configuration list for PBXProject "CalculadoraIMC" */ = {
			isa = XCConfigurationList;
			buildConfigurations = (
				38FD458227C9286F003DFCCD /* Debug */,
				38FD458327C9286F003DFCCD /* Release */,
			);
			defaultConfigurationIsVisible = 0;
			defaultConfigurationName = Release;
		};
		38FD458427C9286F003DFCCD /* Build configuration list for PBXNativeTarget "CalculadoraIMC" */ = {
			isa = XCConfigurationList;
			buildConfigurations = (
				38FD458527C9286F003DFCCD /* Debug */,
				38FD458627C9286F003DFCCD /* Release */,
			);
			defaultConfigurationIsVisible = 0;
			defaultConfigurationName = Release;
		};
/* End XCConfigurationList section */
	};
	rootObject = 38FD456827C9286D003DFCCD /* Project object */;
}
